
Microsoft Visual Studio Solution File, Format Version 12.00
# Visual Studio Version 17
VisualStudioVersion = 17.5.002.0
MinimumVisualStudioVersion = 10.0.40219.1
Project("{9A19103F-16F7-4668-BE54-9A1E7A4F7556}") = "progtime_hm", "progtime_hm.csproj", "{30AD1F29-F1EC-42C3-B406-7F9F21B708FE}"
EndProject
Global
	GlobalSection(SolutionConfigurationPlatforms) = preSolution
		Debug|Any CPU = Debug|Any CPU
		Release|Any CPU = Release|Any CPU
	EndGlobalSection
	GlobalSection(ProjectConfigurationPlatforms) = postSolution
		{30AD1F29-F1EC-42C3-B406-7F9F21B708FE}.Debug|Any CPU.ActiveCfg = Debug|Any CPU
		{30AD1F29-F1EC-42C3-B406-7F9F21B708FE}.Debug|Any CPU.Build.0 = Debug|Any CPU
		{30AD1F29-F1EC-42C3-B406-7F9F21B708FE}.Release|Any CPU.ActiveCfg = Release|Any CPU
		{30AD1F29-F1EC-42C3-B406-7F9F21B708FE}.Release|Any CPU.Build.0 = Release|Any CPU
	EndGlobalSection
	GlobalSection(SolutionProperties) = preSolution
		HideSolutionNode = FALSE
	EndGlobalSection
	GlobalSection(ExtensibilityGlobals) = postSolution
		SolutionGuid = {9898FB58-31B7-4334-B517-478D5C475ADC}
	EndGlobalSection
EndGlobal
